
Microsoft Visual Studio Solution File, Format Version 12.00
# Visual Studio Version 17
VisualStudioVersion = 17.10.35027.167
MinimumVisualStudioVersion = 10.0.40219.1
Project("{FAE04EC0-301F-11D3-BF4B-00C04F79EFBC}") = "BackendServices", "BackendServices\src\BackendServices\BackendServices.csproj", "{F6829199-25B3-4351-A6B4-4451593A38C8}"
EndProject
Global
	GlobalSection(SolutionConfigurationPlatforms) = preSolution
		Debug|Any CPU = Debug|Any CPU
		Release|Any CPU = Release|Any CPU
	EndGlobalSection
	GlobalSection(ProjectConfigurationPlatforms) = postSolution
		{F6829199-25B3-4351-A6B4-4451593A38C8}.Debug|Any CPU.ActiveCfg = Debug|Any CPU
		{F6829199-25B3-4351-A6B4-4451593A38C8}.Debug|Any CPU.Build.0 = Debug|Any CPU
		{F6829199-25B3-4351-A6B4-4451593A38C8}.Release|Any CPU.ActiveCfg = Release|Any CPU
		{F6829199-25B3-4351-A6B4-4451593A38C8}.Release|Any CPU.Build.0 = Release|Any CPU
	EndGlobalSection
	GlobalSection(SolutionProperties) = preSolution
		HideSolutionNode = FALSE
	EndGlobalSection
	GlobalSection(ExtensibilityGlobals) = postSolution
		SolutionGuid = {6301E08D-BFEC-499C-BD81-4095D0AB7081}
	EndGlobalSection
EndGlobal
